<?xml version="1.0" encoding="utf-8"?>
<Project ToolsVersion="4.0" xmlns="http://schemas.microsoft.com/developer/msbuild/2003">
  <ItemGroup>
    <Filter Include="Source Files">
      <UniqueIdentifier>{4FC737F1-C7A5-4376-A066-2A32D752A2FF}</UniqueIdentifier>
      <Extensions>cpp;c;cc;cxx;c++;cppm;ixx;def;odl;idl;hpj;bat;asm;asmx</Extensions>
    </Filter>
    <Filter Include="Header Files">
      <UniqueIdentifier>{93995380-89BD-4b04-88EB-625FBE52EBFB}</UniqueIdentifier>
      <Extensions>h;hh;hpp;hxx;h++;hm;inl;inc;ipp;xsd</Extensions>
    </Filter>
    <Filter Include="Resource Files">
      <UniqueIdentifier>{67DA6AB6-F800-4c08-8B7A-83BB121AAD01}</UniqueIdentifier>
      <Extensions>rc;ico;cur;bmp;dlg;rc2;rct;bin;rgs;gif;jpg;jpeg;jpe;resx;tiff;tif;png;wav;mfcribbon-ms</Extensions>
    </Filter>
  </ItemGroup>
  <ItemGroup>
    <ClInclude Include="src\CoatlPhysicsEngine.h">
      <Filter>Header Files</Filter>
    </ClInclude>
    <ClInclude Include="src\define.h">
      <Filter>Header Files</Filter>
    </ClInclude>
    <ClInclude Include="src\Maths\Maths.h">
      <Filter>Header Files</Filter>
    </ClInclude>
    <ClInclude Include="src\CollisionManager\CollisionManager.h">
      <Filter>Header Files</Filter>
    </ClInclude>
    <ClInclude Include="src\Bodies\Joints\J_Joint.h">
      <Filter>Header Files</Filter>
    </ClInclude>
    <ClInclude Include="src\Bodies\Joints\Joints.h">
      <Filter>Header Files</Filter>
    </ClInclude>
    <ClInclude Include="src\Bodies\Bod_Collection.h">
      <Filter>Header Files</Filter>
    </ClInclude>
    <ClInclude Include="src\Bodies\Bodies.h">
      <Filter>Header Files</Filter>
    </ClInclude>
    <ClInclude Include="src\CollisionManager\AABBColAABB.h">
      <Filter>Header Files</Filter>
    </ClInclude>
    <ClInclude Include="src\CollisionManager\ABBColOBB.h">
      <Filter>Header Files</Filter>
    </ClInclude>
    <ClInclude Include="src\CollisionManager\CapsuleColAABB.h">
      <Filter>Header Files</Filter>
    </ClInclude>
    <ClInclude Include="src\CollisionManager\CapsuleColCapsule.h">
      <Filter>Header Files</Filter>
    </ClInclude>
    <ClInclude Include="src\CollisionManager\CapsuleColOBB.h">
      <Filter>Header Files</Filter>
    </ClInclude>
    <ClInclude Include="src\CollisionManager\CapsuleColSphere.h">
      <Filter>Header Files</Filter>
    </ClInclude>
    <ClInclude Include="src\CollisionManager\OBBColOBB.h">
      <Filter>Header Files</Filter>
    </ClInclude>
    <ClInclude Include="src\CollisionManager\SphereColAABB.h">
      <Filter>Header Files</Filter>
    </ClInclude>
    <ClInclude Include="src\CollisionManager\SphereColOBB.h">
      <Filter>Header Files</Filter>
    </ClInclude>
    <ClInclude Include="src\CollisionManager\SphereColSphere.h">
      <Filter>Header Files</Filter>
    </ClInclude>
    <ClInclude Include="src\CollisionManager\TriangleColAABB.h">
      <Filter>Header Files</Filter>
    </ClInclude>
    <ClInclude Include="src\CollisionManager\TriangleColCapsule.h">
      <Filter>Header Files</Filter>
    </ClInclude>
    <ClInclude Include="src\CollisionManager\TriangleColOBB.h">
      <Filter>Header Files</Filter>
    </ClInclude>
    <ClInclude Include="src\CollisionManager\TriangleColSphere.h">
      <Filter>Header Files</Filter>
    </ClInclude>
    <ClInclude Include="src\CollisionManager\TriangleColTriangle.h">
      <Filter>Header Files</Filter>
    </ClInclude>
    <ClInclude Include="src\CollisionResolution\ShapesResolution\CapsuleRelCapsule.h">
      <Filter>Header Files</Filter>
    </ClInclude>
    <ClInclude Include="src\CollisionResolution\ShapesResolution\CapsuleRelSphere.h">
      <Filter>Header Files</Filter>
    </ClInclude>
    <ClInclude Include="src\CollisionResolution\ShapesResolution\ShapeResolution.h">
      <Filter>Header Files</Filter>
    </ClInclude>
    <ClInclude Include="src\CollisionResolution\ShapesResolution\SphereRelSphere.h">
      <Filter>Header Files</Filter>
    </ClInclude>
    <ClInclude Include="src\CollisionResolution\Col_Resolution.h">
      <Filter>Header Files</Filter>
    </ClInclude>
    <ClInclude Include="src\CollisionResolution\Contact.h">
      <Filter>Header Files</Filter>
    </ClInclude>
    <ClInclude Include="src\CollisionResolution\ContactCreation.h">
      <Filter>Header Files</Filter>
    </ClInclude>
    <ClInclude Include="src\Collisions\BaseCols.h">
      <Filter>Header Files</Filter>
    </ClInclude>
    <ClInclude Include="src\Collisions\CollisionWorld.h">
      <Filter>Header Files</Filter>
    </ClInclude>
    <ClInclude Include="src\Collisions\DynamicCollisions.h">
      <Filter>Header Files</Filter>
    </ClInclude>
    <ClInclude Include="src\Collisions\KinematicsCollisions.h">
      <Filter>Header Files</Filter>
    </ClInclude>
    <ClInclude Include="src\Collisions\StaticCollisions.h">
      <Filter>Header Files</Filter>
    </ClInclude>
    <ClInclude Include="src\Collisions\Terrain.h">
      <Filter>Header Files</Filter>
    </ClInclude>
    <ClInclude Include="src\Constraints\ContactConstraint.h">
      <Filter>Header Files</Filter>
    </ClInclude>
    <ClInclude Include="src\GJK\GJK.h">
      <Filter>Header Files</Filter>
    </ClInclude>
    <ClInclude Include="src\OptimizaAlgorithm\B_Force_Self.h">
      <Filter>Header Files</Filter>
    </ClInclude>
    <ClInclude Include="src\OptimizaAlgorithm\OctoTree.h">
      <Filter>Header Files</Filter>
    </ClInclude>
    <ClInclude Include="src\OptimizaAlgorithm\QuadTree.h">
      <Filter>Header Files</Filter>
    </ClInclude>
    <ClInclude Include="src\OptimizaAlgorithm\Queries.h">
      <Filter>Header Files</Filter>
    </ClInclude>
    <ClInclude Include="src\Physics\Ph_Motion\Phy_Base.h">
      <Filter>Header Files</Filter>
    </ClInclude>
    <ClInclude Include="src\Physics\Ph_Motion\Phy_Bungee.h">
      <Filter>Header Files</Filter>
    </ClInclude>
    <ClInclude Include="src\Physics\Ph_Motion\Phy_Buoyancy.h">
      <Filter>Header Files</Filter>
    </ClInclude>
    <ClInclude Include="src\Physics\Ph_Motion\Phy_Col.h">
      <Filter>Header Files</Filter>
    </ClInclude>
    <ClInclude Include="src\Physics\Ph_Motion\Phy_Drag.h">
      <Filter>Header Files</Filter>
    </ClInclude>
    <ClInclude Include="src\Physics\Ph_Motion\Phy_Grav.h">
      <Filter>Header Files</Filter>
    </ClInclude>
    <ClInclude Include="src\Physics\Ph_Motion\Phy_Motion.h">
      <Filter>Header Files</Filter>
    </ClInclude>
    <ClInclude Include="src\Physics\Ph_Motion\Phy_Spring.h">
      <Filter>Header Files</Filter>
    </ClInclude>
    <ClInclude Include="src\Physics\Bod_Base.h">
      <Filter>Header Files</Filter>
    </ClInclude>
    <ClInclude Include="src\Physics\Particle.h">
      <Filter>Header Files</Filter>
    </ClInclude>
    <ClInclude Include="src\Physics\Phys_Libs.h">
      <Filter>Header Files</Filter>
    </ClInclude>
    <ClInclude Include="src\Physics\RigidBodies.h">
      <Filter>Header Files</Filter>
    </ClInclude>
    <ClInclude Include="src\SAT\SAT.h">
      <Filter>Header Files</Filter>
    </ClInclude>
    <ClInclude Include="src\Shapes\AABB_Obj.h">
      <Filter>Header Files</Filter>
    </ClInclude>
    <ClInclude Include="src\Shapes\Capsule.h">
      <Filter>Header Files</Filter>
    </ClInclude>
    <ClInclude Include="src\Shapes\ColShapes.h">
      <Filter>Header Files</Filter>
    </ClInclude>
    <ClInclude Include="src\Shapes\OBB.h">
      <Filter>Header Files</Filter>
    </ClInclude>
    <ClInclude Include="src\Shapes\SimpleShapes.h">
      <Filter>Header Files</Filter>
    </ClInclude>
    <ClInclude Include="src\Shapes\Sphere.h">
      <Filter>Header Files</Filter>
    </ClInclude>
    <ClInclude Include="src\Shapes\Triangles.h">
      <Filter>Header Files</Filter>
    </ClInclude>
    <ClInclude Include="src\Bodies\BodyParts.h">
      <Filter>Header Files</Filter>
    </ClInclude>
    <ClInclude Include="src\OptimizaAlgorithm\B_Force.h">
      <Filter>Header Files</Filter>
    </ClInclude>
  </ItemGroup>
  <ItemGroup>
    <ClCompile Include="src\Maths\Maths.cpp">
      <Filter>Source Files</Filter>
    </ClCompile>
    <ClCompile Include="src\CollisionManager\CollisionManager.cpp">
      <Filter>Source Files</Filter>
    </ClCompile>
    <ClCompile Include="src\Bodies\Joints\J_Joint.cpp">
      <Filter>Source Files</Filter>
    </ClCompile>
    <ClCompile Include="src\Bodies\Bod_Collection.cpp">
      <Filter>Source Files</Filter>
    </ClCompile>
    <ClCompile Include="src\Bodies\Bodies.cpp">
      <Filter>Source Files</Filter>
    </ClCompile>
    <ClCompile Include="src\CollisionManager\AABBColAABB.cpp">
      <Filter>Source Files</Filter>
    </ClCompile>
    <ClCompile Include="src\CollisionManager\ABBColOBB.cpp">
      <Filter>Source Files</Filter>
    </ClCompile>
    <ClCompile Include="src\CollisionManager\CapsuleColAABB.cpp">
      <Filter>Source Files</Filter>
    </ClCompile>
    <ClCompile Include="src\CollisionManager\CapsuleColCapsule.cpp">
      <Filter>Source Files</Filter>
    </ClCompile>
    <ClCompile Include="src\CollisionManager\CapsuleColOBB.cpp">
      <Filter>Source Files</Filter>
    </ClCompile>
    <ClCompile Include="src\CollisionManager\CapsuleColSphere.cpp">
      <Filter>Source Files</Filter>
    </ClCompile>
    <ClCompile Include="src\CollisionManager\OBBColOBB.cpp">
      <Filter>Source Files</Filter>
    </ClCompile>
    <ClCompile Include="src\CollisionManager\SphereColAABB.cpp">
      <Filter>Source Files</Filter>
    </ClCompile>
    <ClCompile Include="src\CollisionManager\SphereColOBB.cpp">
      <Filter>Source Files</Filter>
    </ClCompile>
    <ClCompile Include="src\CollisionManager\SphereColSphere.cpp">
      <Filter>Source Files</Filter>
    </ClCompile>
    <ClCompile Include="src\CollisionManager\TriangleColAABB.cpp">
      <Filter>Source Files</Filter>
    </ClCompile>
    <ClCompile Include="src\CollisionManager\TriangleColCapsule.cpp">
      <Filter>Source Files</Filter>
    </ClCompile>
    <ClCompile Include="src\CollisionManager\TriangleColOBB.cpp">
      <Filter>Source Files</Filter>
    </ClCompile>
    <ClCompile Include="src\CollisionManager\TriangleColSphere.cpp">
      <Filter>Source Files</Filter>
    </ClCompile>
    <ClCompile Include="src\CollisionManager\TriangleColTriangle.cpp">
      <Filter>Source Files</Filter>
    </ClCompile>
    <ClCompile Include="src\CollisionResolution\ShapesResolution\CapsuleRelCapsule.cpp">
      <Filter>Source Files</Filter>
    </ClCompile>
    <ClCompile Include="src\CollisionResolution\ShapesResolution\CapsuleRelSphere.cpp">
      <Filter>Source Files</Filter>
    </ClCompile>
    <ClCompile Include="src\CollisionResolution\ShapesResolution\ShapeResolution.cpp">
      <Filter>Source Files</Filter>
    </ClCompile>
    <ClCompile Include="src\CollisionResolution\ShapesResolution\SphereRelSphere.cpp">
      <Filter>Source Files</Filter>
    </ClCompile>
    <ClCompile Include="src\CollisionResolution\Col_Resolution.cpp">
      <Filter>Source Files</Filter>
    </ClCompile>
    <ClCompile Include="src\CollisionResolution\ContactCreation.cpp">
      <Filter>Source Files</Filter>
    </ClCompile>
    <ClCompile Include="src\Collisions\BaseCols.cpp">
      <Filter>Source Files</Filter>
    </ClCompile>
    <ClCompile Include="src\Collisions\CollisionWorld.cpp">
      <Filter>Source Files</Filter>
    </ClCompile>
    <ClCompile Include="src\Collisions\DynamicCollisions.cpp">
      <Filter>Source Files</Filter>
    </ClCompile>
    <ClCompile Include="src\Collisions\KinematicsCollisions.cpp">
      <Filter>Source Files</Filter>
    </ClCompile>
    <ClCompile Include="src\Collisions\StaticCollisions.cpp">
      <Filter>Source Files</Filter>
    </ClCompile>
    <ClCompile Include="src\Collisions\Terrain.cpp">
      <Filter>Source Files</Filter>
    </ClCompile>
    <ClCompile Include="src\Constraints\ContactConstraint.cpp">
      <Filter>Source Files</Filter>
    </ClCompile>
    <ClCompile Include="src\GJK\GJK.cpp">
      <Filter>Source Files</Filter>
    </ClCompile>
    <ClCompile Include="src\OptimizaAlgorithm\B_Force_Self.cpp">
      <Filter>Source Files</Filter>
    </ClCompile>
    <ClCompile Include="src\OptimizaAlgorithm\QuadTree.cpp">
      <Filter>Source Files</Filter>
    </ClCompile>
    <ClCompile Include="src\Physics\Ph_Motion\Phy_Base.cpp">
      <Filter>Source Files</Filter>
    </ClCompile>
    <ClCompile Include="src\Physics\Ph_Motion\Phy_Bungee.cpp">
      <Filter>Source Files</Filter>
    </ClCompile>
    <ClCompile Include="src\Physics\Ph_Motion\Phy_Buoyancy.cpp">
      <Filter>Source Files</Filter>
    </ClCompile>
    <ClCompile Include="src\Physics\Ph_Motion\Phy_Col.cpp">
      <Filter>Source Files</Filter>
    </ClCompile>
    <ClCompile Include="src\Physics\Ph_Motion\Phy_Drag.cpp">
      <Filter>Source Files</Filter>
    </ClCompile>
    <ClCompile Include="src\Physics\Ph_Motion\Phy_Grav.cpp">
      <Filter>Source Files</Filter>
    </ClCompile>
    <ClCompile Include="src\Physics\Ph_Motion\Phy_Motion.cpp">
      <Filter>Source Files</Filter>
    </ClCompile>
    <ClCompile Include="src\Physics\Ph_Motion\Phy_Spring.cpp">
      <Filter>Source Files</Filter>
    </ClCompile>
    <ClCompile Include="src\Physics\Bod_Base.cpp">
      <Filter>Source Files</Filter>
    </ClCompile>
    <ClCompile Include="src\Physics\Particle.cpp">
      <Filter>Source Files</Filter>
    </ClCompile>
    <ClCompile Include="src\Physics\RigidBodies.cpp">
      <Filter>Source Files</Filter>
    </ClCompile>
    <ClCompile Include="src\SAT\SAT.cpp">
      <Filter>Source Files</Filter>
    </ClCompile>
    <ClCompile Include="src\Shapes\AABB_Obj.cpp">
      <Filter>Source Files</Filter>
    </ClCompile>
    <ClCompile Include="src\Shapes\Capsule.cpp">
      <Filter>Source Files</Filter>
    </ClCompile>
    <ClCompile Include="src\Shapes\ColShapes.cpp">
      <Filter>Source Files</Filter>
    </ClCompile>
    <ClCompile Include="src\Shapes\OBB.cpp">
      <Filter>Source Files</Filter>
    </ClCompile>
    <ClCompile Include="src\Shapes\Sphere.cpp">
      <Filter>Source Files</Filter>
    </ClCompile>
    <ClCompile Include="src\Shapes\Triangles.cpp">
      <Filter>Source Files</Filter>
    </ClCompile>
    <ClCompile Include="src\OptimizaAlgorithm\OctoTree.cpp">
      <Filter>Source Files</Filter>
    </ClCompile>
    <ClCompile Include="src\Bodies\BodyParts.cpp">
      <Filter>Source Files</Filter>
    </ClCompile>
    <ClCompile Include="src\OptimizaAlgorithm\B_Force.cpp">
      <Filter>Source Files</Filter>
    </ClCompile>
  </ItemGroup>
  <ItemGroup>
    <None Include="cpp.hint" />
  </ItemGroup>
</Project>